# This file is autogenerated, do not edit; changes may be undone by the next 'dep ensure'.


[[projects]]
  name = "github.com/docker/docker"
  packages = [
    "pkg/namesgenerator",
    "pkg/random"
  ]
  revision = "092cba3727bb9b4a2f0e922cd6c0f93ea270e363"
  version = "v1.13.1"

[solve-meta]
  analyzer-name = "dep"
  analyzer-version = 1
  inputs-digest = "e3f7e50f901df70bba0dce51e18b71086c098fdd6b9121582887b872ea74cd30"
  solver-name = "gps-cdcl"
  solver-version = 1
